
Microsoft Visual Studio Solution File, Format Version 12.00
# Visual Studio Version 16
VisualStudioVersion = 16.0.29324.140
MinimumVisualStudioVersion = 10.0.40219.1
Project("{FAE04EC0-301F-11D3-BF4B-00C04F79EFBC}") = "Exceptions", "Exceptions\Exceptions.csproj", "{5C74784E-808E-45B6-8D0E-DD83DB822D2F}"
EndProject
Project("{FAE04EC0-301F-11D3-BF4B-00C04F79EFBC}") = "DAY3_ERRHNDL", "DAY3_ERRHNDL\DAY3_ERRHNDL.csproj", "{00BE8167-2BE8-41B7-9289-7280603BE114}"
EndProject
Project("{FAE04EC0-301F-11D3-BF4B-00C04F79EFBC}") = "DAY4_ABSTRACTION", "DAY4_ABSTRACTION\DAY4_ABSTRACTION.csproj", "{FB468B8D-C974-49DF-B1F3-1F6CADD83CC4}"
EndProject
Project("{FAE04EC0-301F-11D3-BF4B-00C04F79EFBC}") = "ConsoleHelpers", "ConsoleHelpers\ConsoleHelpers.csproj", "{5B5C4117-01F3-4115-B4BC-6D0B50F17481}"
EndProject
Project("{FAE04EC0-301F-11D3-BF4B-00C04F79EFBC}") = "NET_BLACKJACK", "NET_BLACKJACK\NET_BLACKJACK.csproj", "{F259DA71-DE78-46E1-BFB5-7F00A6F7E87E}"
EndProject
Project("{2150E333-8FDC-42A3-9474-1A3956D46DE8}") = "WebSamples", "WebSamples", "{148A6C48-983D-4383-BEDC-0B446E044B6A}"
	ProjectSection(SolutionItems) = preProject
		ads.html = ads.html
		ads.txt = ads.txt
		index.html = index.html
		javascriptsample.html = javascriptsample.html
		script.js = script.js
		shop.html = shop.html
		style.css = style.css
	EndProjectSection
EndProject
Project("{FAE04EC0-301F-11D3-BF4B-00C04F79EFBC}") = "LogicSample", "LogicSample\LogicSample.csproj", "{0EEBFB73-870E-4EFB-878B-934670724A43}"
EndProject
Project("{FAE04EC0-301F-11D3-BF4B-00C04F79EFBC}") = "LogicSample.Tests", "LogicSample.Tests\LogicSample.Tests.csproj", "{A4C0BE16-E0E4-4439-84D5-FA80EBD243C7}"
EndProject
Project("{FAE04EC0-301F-11D3-BF4B-00C04F79EFBC}") = "WebShop.Logic", "WebShop.Logic\WebShop.Logic.csproj", "{EC489097-54A6-4102-8678-E8BC8E42ACE1}"
EndProject
Project("{FAE04EC0-301F-11D3-BF4B-00C04F79EFBC}") = "WebShop.Logic.Tests", "WebShop.Logic.Tests\WebShop.Logic.Tests.csproj", "{6755465B-6451-40E8-A4F5-71BC0A51740F}"
EndProject
Project("{9A19103F-16F7-4668-BE54-9A1E7A4F7556}") = "WebSample", "WebSample\WebSample.csproj", "{7E30C0A0-D190-485E-A1C2-FF809A453B03}"
EndProject
Project("{9A19103F-16F7-4668-BE54-9A1E7A4F7556}") = "WebShop", "WebShop\WebShop.csproj", "{C58704D1-6EF1-47C4-9DEA-FFC25D78DA97}"
EndProject
Project("{9A19103F-16F7-4668-BE54-9A1E7A4F7556}") = "AdsPortal", "AdsPortal\AdsPortal.csproj", "{75839053-38A7-4B0F-A763-B0925613DBE7}"
EndProject
Project("{9A19103F-16F7-4668-BE54-9A1E7A4F7556}") = "AdsPortalLogic", "AdsPortalLogic\AdsPortalLogic.csproj", "{67E780B3-B91C-44C0-B8D8-85960C0A627A}"
EndProject
Project("{2150E333-8FDC-42A3-9474-1A3956D46DE8}") = "Solution Items", "Solution Items", "{5935B637-F734-4509-8E45-9CFF2F6226B5}"
	ProjectSection(SolutionItems) = preProject
		MyTestDB.sql = MyTestDB.sql
	EndProjectSection
EndProject
Global
	GlobalSection(SolutionConfigurationPlatforms) = preSolution
		Debug|Any CPU = Debug|Any CPU
		Release|Any CPU = Release|Any CPU
	EndGlobalSection
	GlobalSection(ProjectConfigurationPlatforms) = postSolution
		{5C74784E-808E-45B6-8D0E-DD83DB822D2F}.Debug|Any CPU.ActiveCfg = Debug|Any CPU
		{5C74784E-808E-45B6-8D0E-DD83DB822D2F}.Debug|Any CPU.Build.0 = Debug|Any CPU
		{5C74784E-808E-45B6-8D0E-DD83DB822D2F}.Release|Any CPU.ActiveCfg = Release|Any CPU
		{5C74784E-808E-45B6-8D0E-DD83DB822D2F}.Release|Any CPU.Build.0 = Release|Any CPU
		{00BE8167-2BE8-41B7-9289-7280603BE114}.Debug|Any CPU.ActiveCfg = Debug|Any CPU
		{00BE8167-2BE8-41B7-9289-7280603BE114}.Debug|Any CPU.Build.0 = Debug|Any CPU
		{00BE8167-2BE8-41B7-9289-7280603BE114}.Release|Any CPU.ActiveCfg = Release|Any CPU
		{00BE8167-2BE8-41B7-9289-7280603BE114}.Release|Any CPU.Build.0 = Release|Any CPU
		{FB468B8D-C974-49DF-B1F3-1F6CADD83CC4}.Debug|Any CPU.ActiveCfg = Debug|Any CPU
		{FB468B8D-C974-49DF-B1F3-1F6CADD83CC4}.Debug|Any CPU.Build.0 = Debug|Any CPU
		{FB468B8D-C974-49DF-B1F3-1F6CADD83CC4}.Release|Any CPU.ActiveCfg = Release|Any CPU
		{FB468B8D-C974-49DF-B1F3-1F6CADD83CC4}.Release|Any CPU.Build.0 = Release|Any CPU
		{5B5C4117-01F3-4115-B4BC-6D0B50F17481}.Debug|Any CPU.ActiveCfg = Debug|Any CPU
		{5B5C4117-01F3-4115-B4BC-6D0B50F17481}.Debug|Any CPU.Build.0 = Debug|Any CPU
		{5B5C4117-01F3-4115-B4BC-6D0B50F17481}.Release|Any CPU.ActiveCfg = Release|Any CPU
		{5B5C4117-01F3-4115-B4BC-6D0B50F17481}.Release|Any CPU.Build.0 = Release|Any CPU
		{F259DA71-DE78-46E1-BFB5-7F00A6F7E87E}.Debug|Any CPU.ActiveCfg = Debug|Any CPU
		{F259DA71-DE78-46E1-BFB5-7F00A6F7E87E}.Debug|Any CPU.Build.0 = Debug|Any CPU
		{F259DA71-DE78-46E1-BFB5-7F00A6F7E87E}.Release|Any CPU.ActiveCfg = Release|Any CPU
		{F259DA71-DE78-46E1-BFB5-7F00A6F7E87E}.Release|Any CPU.Build.0 = Release|Any CPU
		{0EEBFB73-870E-4EFB-878B-934670724A43}.Debug|Any CPU.ActiveCfg = Debug|Any CPU
		{0EEBFB73-870E-4EFB-878B-934670724A43}.Debug|Any CPU.Build.0 = Debug|Any CPU
		{0EEBFB73-870E-4EFB-878B-934670724A43}.Release|Any CPU.ActiveCfg = Release|Any CPU
		{0EEBFB73-870E-4EFB-878B-934670724A43}.Release|Any CPU.Build.0 = Release|Any CPU
		{A4C0BE16-E0E4-4439-84D5-FA80EBD243C7}.Debug|Any CPU.ActiveCfg = Debug|Any CPU
		{A4C0BE16-E0E4-4439-84D5-FA80EBD243C7}.Debug|Any CPU.Build.0 = Debug|Any CPU
		{A4C0BE16-E0E4-4439-84D5-FA80EBD243C7}.Release|Any CPU.ActiveCfg = Release|Any CPU
		{A4C0BE16-E0E4-4439-84D5-FA80EBD243C7}.Release|Any CPU.Build.0 = Release|Any CPU
		{EC489097-54A6-4102-8678-E8BC8E42ACE1}.Debug|Any CPU.ActiveCfg = Debug|Any CPU
		{EC489097-54A6-4102-8678-E8BC8E42ACE1}.Debug|Any CPU.Build.0 = Debug|Any CPU
		{EC489097-54A6-4102-8678-E8BC8E42ACE1}.Release|Any CPU.ActiveCfg = Release|Any CPU
		{EC489097-54A6-4102-8678-E8BC8E42ACE1}.Release|Any CPU.Build.0 = Release|Any CPU
		{6755465B-6451-40E8-A4F5-71BC0A51740F}.Debug|Any CPU.ActiveCfg = Debug|Any CPU
		{6755465B-6451-40E8-A4F5-71BC0A51740F}.Debug|Any CPU.Build.0 = Debug|Any CPU
		{6755465B-6451-40E8-A4F5-71BC0A51740F}.Release|Any CPU.ActiveCfg = Release|Any CPU
		{6755465B-6451-40E8-A4F5-71BC0A51740F}.Release|Any CPU.Build.0 = Release|Any CPU
		{7E30C0A0-D190-485E-A1C2-FF809A453B03}.Debug|Any CPU.ActiveCfg = Debug|Any CPU
		{7E30C0A0-D190-485E-A1C2-FF809A453B03}.Debug|Any CPU.Build.0 = Debug|Any CPU
		{7E30C0A0-D190-485E-A1C2-FF809A453B03}.Release|Any CPU.ActiveCfg = Release|Any CPU
		{7E30C0A0-D190-485E-A1C2-FF809A453B03}.Release|Any CPU.Build.0 = Release|Any CPU
		{C58704D1-6EF1-47C4-9DEA-FFC25D78DA97}.Debug|Any CPU.ActiveCfg = Debug|Any CPU
		{C58704D1-6EF1-47C4-9DEA-FFC25D78DA97}.Debug|Any CPU.Build.0 = Debug|Any CPU
		{C58704D1-6EF1-47C4-9DEA-FFC25D78DA97}.Release|Any CPU.ActiveCfg = Release|Any CPU
		{C58704D1-6EF1-47C4-9DEA-FFC25D78DA97}.Release|Any CPU.Build.0 = Release|Any CPU
		{75839053-38A7-4B0F-A763-B0925613DBE7}.Debug|Any CPU.ActiveCfg = Debug|Any CPU
		{75839053-38A7-4B0F-A763-B0925613DBE7}.Debug|Any CPU.Build.0 = Debug|Any CPU
		{75839053-38A7-4B0F-A763-B0925613DBE7}.Release|Any CPU.ActiveCfg = Release|Any CPU
		{75839053-38A7-4B0F-A763-B0925613DBE7}.Release|Any CPU.Build.0 = Release|Any CPU
		{67E780B3-B91C-44C0-B8D8-85960C0A627A}.Debug|Any CPU.ActiveCfg = Debug|Any CPU
		{67E780B3-B91C-44C0-B8D8-85960C0A627A}.Debug|Any CPU.Build.0 = Debug|Any CPU
		{67E780B3-B91C-44C0-B8D8-85960C0A627A}.Release|Any CPU.ActiveCfg = Release|Any CPU
		{67E780B3-B91C-44C0-B8D8-85960C0A627A}.Release|Any CPU.Build.0 = Release|Any CPU
	EndGlobalSection
	GlobalSection(SolutionProperties) = preSolution
		HideSolutionNode = FALSE
	EndGlobalSection
	GlobalSection(ExtensibilityGlobals) = postSolution
		SolutionGuid = {702BC518-F9C1-4F7F-8F96-2B7FDB526B7F}
	EndGlobalSection
EndGlobal
